// !$*UTF8*$!
{
	archiveVersion = 1;
	classes = {
	};
	objectVersion = 51;
	objects = {

/* Begin PBXBuildFile section */
		7816D7EAEFA2B495335226B4 /* Pods_Poster.framework in Frameworks */ = {isa = PBXBuildFile; fileRef = AC9903690F8282B670CAC0EF /* Pods_Poster.framework */; };
		8F214F0923D661C5009728FD /* ProfileViewController.swift in Sources */ = {isa = PBXBuildFile; fileRef = 8F214F0823D661C5009728FD /* ProfileViewController.swift */; };
		8F214F0B23D66204009728FD /* NewPostViewController.swift in Sources */ = {isa = PBXBuildFile; fileRef = 8F214F0A23D66204009728FD /* NewPostViewController.swift */; };
		8F214F0F23D797BA009728FD /* GoogleService-Info.plist in Resources */ = {isa = PBXBuildFile; fileRef = 8F214F0E23D797BA009728FD /* GoogleService-Info.plist */; };
		8F214F1123D7AD18009728FD /* Post.swift in Sources */ = {isa = PBXBuildFile; fileRef = 8F214F1023D7AD18009728FD /* Post.swift */; };
		8F214F1523D8D149009728FD /* ListTableViewCell.swift in Sources */ = {isa = PBXBuildFile; fileRef = 8F214F1423D8D149009728FD /* ListTableViewCell.swift */; };
		8F214F1823D8D218009728FD /* ConstraintExtensions.swift in Sources */ = {isa = PBXBuildFile; fileRef = 8F214F1723D8D218009728FD /* ConstraintExtensions.swift */; };
		8F214F1A23D917CE009728FD /* DetailViewController.swift in Sources */ = {isa = PBXBuildFile; fileRef = 8F214F1923D917CE009728FD /* DetailViewController.swift */; };
		8F4B000D23DB491900082392 /* PostAnnotation.swift in Sources */ = {isa = PBXBuildFile; fileRef = 8F4B000C23DB491900082392 /* PostAnnotation.swift */; };
		8F4B000F23DD015900082392 /* Utils.swift in Sources */ = {isa = PBXBuildFile; fileRef = 8F4B000E23DD015900082392 /* Utils.swift */; };
		8F8933B023D48CF8003CE5AD /* AppDelegate.swift in Sources */ = {isa = PBXBuildFile; fileRef = 8F8933AF23D48CF8003CE5AD /* AppDelegate.swift */; };
		8F8933B223D48CF8003CE5AD /* SceneDelegate.swift in Sources */ = {isa = PBXBuildFile; fileRef = 8F8933B123D48CF8003CE5AD /* SceneDelegate.swift */; };
		8F8933B423D48CF8003CE5AD /* TabBarViewController.swift in Sources */ = {isa = PBXBuildFile; fileRef = 8F8933B323D48CF8003CE5AD /* TabBarViewController.swift */; };
		8F8933B723D48CF8003CE5AD /* Main.storyboard in Resources */ = {isa = PBXBuildFile; fileRef = 8F8933B523D48CF8003CE5AD /* Main.storyboard */; };
		8F8933BA23D48CF8003CE5AD /* Poster.xcdatamodeld in Sources */ = {isa = PBXBuildFile; fileRef = 8F8933B823D48CF8003CE5AD /* Poster.xcdatamodeld */; };
		8F8933BC23D48CFC003CE5AD /* Assets.xcassets in Resources */ = {isa = PBXBuildFile; fileRef = 8F8933BB23D48CFC003CE5AD /* Assets.xcassets */; };
		8F8933BF23D48CFC003CE5AD /* LaunchScreen.storyboard in Resources */ = {isa = PBXBuildFile; fileRef = 8F8933BD23D48CFC003CE5AD /* LaunchScreen.storyboard */; };
		8FD3776A23D6495C00A1AF23 /* MapViewController.swift in Sources */ = {isa = PBXBuildFile; fileRef = 8FD3776923D6495C00A1AF23 /* MapViewController.swift */; };
		8FD3776C23D6499C00A1AF23 /* ListViewController.swift in Sources */ = {isa = PBXBuildFile; fileRef = 8FD3776B23D6499C00A1AF23 /* ListViewController.swift */; };
/* End PBXBuildFile section */

/* Begin PBXFileReference section */
		5F3DFE31B212B0E9337D64E8 /* Pods-Poster.release.xcconfig */ = {isa = PBXFileReference; includeInIndex = 1; lastKnownFileType = text.xcconfig; name = "Pods-Poster.release.xcconfig"; path = "Target Support Files/Pods-Poster/Pods-Poster.release.xcconfig"; sourceTree = "<group>"; };
		828E480421EA0544AA70C9D8 /* Pods-Poster.debug.xcconfig */ = {isa = PBXFileReference; includeInIndex = 1; lastKnownFileType = text.xcconfig; name = "Pods-Poster.debug.xcconfig"; path = "Target Support Files/Pods-Poster/Pods-Poster.debug.xcconfig"; sourceTree = "<group>"; };
		8F214F0823D661C5009728FD /* ProfileViewController.swift */ = {isa = PBXFileReference; lastKnownFileType = sourcecode.swift; path = ProfileViewController.swift; sourceTree = "<group>"; };
		8F214F0A23D66204009728FD /* NewPostViewController.swift */ = {isa = PBXFileReference; lastKnownFileType = sourcecode.swift; path = NewPostViewController.swift; sourceTree = "<group>"; };
		8F214F0E23D797BA009728FD /* GoogleService-Info.plist */ = {isa = PBXFileReference; fileEncoding = 4; lastKnownFileType = text.plist.xml; name = "GoogleService-Info.plist"; path = "../../../../../Downloads/GoogleService-Info.plist"; sourceTree = "<group>"; };
		8F214F1023D7AD18009728FD /* Post.swift */ = {isa = PBXFileReference; lastKnownFileType = sourcecode.swift; path = Post.swift; sourceTree = "<group>"; };
		8F214F1423D8D149009728FD /* ListTableViewCell.swift */ = {isa = PBXFileReference; lastKnownFileType = sourcecode.swift; path = ListTableViewCell.swift; sourceTree = "<group>"; };
		8F214F1723D8D218009728FD /* ConstraintExtensions.swift */ = {isa = PBXFileReference; lastKnownFileType = sourcecode.swift; path = ConstraintExtensions.swift; sourceTree = "<group>"; };
		8F214F1923D917CE009728FD /* DetailViewController.swift */ = {isa = PBXFileReference; lastKnownFileType = sourcecode.swift; path = DetailViewController.swift; sourceTree = "<group>"; };
		8F4B000C23DB491900082392 /* PostAnnotation.swift */ = {isa = PBXFileReference; lastKnownFileType = sourcecode.swift; path = PostAnnotation.swift; sourceTree = "<group>"; };
		8F4B000E23DD015900082392 /* Utils.swift */ = {isa = PBXFileReference; lastKnownFileType = sourcecode.swift; path = Utils.swift; sourceTree = "<group>"; };
		8F8933AC23D48CF8003CE5AD /* Poster.app */ = {isa = PBXFileReference; explicitFileType = wrapper.application; includeInIndex = 0; path = Poster.app; sourceTree = BUILT_PRODUCTS_DIR; };
		8F8933AF23D48CF8003CE5AD /* AppDelegate.swift */ = {isa = PBXFileReference; lastKnownFileType = sourcecode.swift; path = AppDelegate.swift; sourceTree = "<group>"; };
		8F8933B123D48CF8003CE5AD /* SceneDelegate.swift */ = {isa = PBXFileReference; lastKnownFileType = sourcecode.swift; path = SceneDelegate.swift; sourceTree = "<group>"; };
		8F8933B323D48CF8003CE5AD /* TabBarViewController.swift */ = {isa = PBXFileReference; lastKnownFileType = sourcecode.swift; path = TabBarViewController.swift; sourceTree = "<group>"; };
		8F8933B623D48CF8003CE5AD /* Base */ = {isa = PBXFileReference; lastKnownFileType = file.storyboard; name = Base; path = Base.lproj/Main.storyboard; sourceTree = "<group>"; };
		8F8933B923D48CF8003CE5AD /* Poster.xcdatamodel */ = {isa = PBXFileReference; lastKnownFileType = wrapper.xcdatamodel; path = Poster.xcdatamodel; sourceTree = "<group>"; };
		8F8933BB23D48CFC003CE5AD /* Assets.xcassets */ = {isa = PBXFileReference; lastKnownFileType = folder.assetcatalog; path = Assets.xcassets; sourceTree = "<group>"; };
		8F8933BE23D48CFC003CE5AD /* Base */ = {isa = PBXFileReference; lastKnownFileType = file.storyboard; name = Base; path = Base.lproj/LaunchScreen.storyboard; sourceTree = "<group>"; };
		8F8933C023D48CFC003CE5AD /* Info.plist */ = {isa = PBXFileReference; lastKnownFileType = text.plist.xml; path = Info.plist; sourceTree = "<group>"; };
		8FD3776923D6495C00A1AF23 /* MapViewController.swift */ = {isa = PBXFileReference; lastKnownFileType = sourcecode.swift; path = MapViewController.swift; sourceTree = "<group>"; };
		8FD3776B23D6499C00A1AF23 /* ListViewController.swift */ = {isa = PBXFileReference; lastKnownFileType = sourcecode.swift; path = ListViewController.swift; sourceTree = "<group>"; };
		AC9903690F8282B670CAC0EF /* Pods_Poster.framework */ = {isa = PBXFileReference; explicitFileType = wrapper.framework; includeInIndex = 0; path = Pods_Poster.framework; sourceTree = BUILT_PRODUCTS_DIR; };
/* End PBXFileReference section */

/* Begin PBXFrameworksBuildPhase section */
		8F8933A923D48CF8003CE5AD /* Frameworks */ = {
			isa = PBXFrameworksBuildPhase;
			buildActionMask = 2147483647;
			files = (
				7816D7EAEFA2B495335226B4 /* Pods_Poster.framework in Frameworks */,
			);
			runOnlyForDeploymentPostprocessing = 0;
		};
/* End PBXFrameworksBuildPhase section */

/* Begin PBXGroup section */
		19B56B04EA9DAB6E81AADC03 /* Frameworks */ = {
			isa = PBXGroup;
			children = (
				AC9903690F8282B670CAC0EF /* Pods_Poster.framework */,
			);
			name = Frameworks;
			sourceTree = "<group>";
		};
		85DEC245D935FB9F88765E60 /* Pods */ = {
			isa = PBXGroup;
			children = (
				828E480421EA0544AA70C9D8 /* Pods-Poster.debug.xcconfig */,
				5F3DFE31B212B0E9337D64E8 /* Pods-Poster.release.xcconfig */,
			);
			path = Pods;
			sourceTree = "<group>";
		};
		8F214F1623D8D1F4009728FD /* Supporting */ = {
			isa = PBXGroup;
			children = (
				8F8933AF23D48CF8003CE5AD /* AppDelegate.swift */,
				8F8933B123D48CF8003CE5AD /* SceneDelegate.swift */,
				8F214F1723D8D218009728FD /* ConstraintExtensions.swift */,
				8F4B000E23DD015900082392 /* Utils.swift */,
			);
			path = Supporting;
			sourceTree = "<group>";
		};
		8F8933A323D48CF8003CE5AD = {
			isa = PBXGroup;
			children = (
				8F8933AE23D48CF8003CE5AD /* Poster */,
				8F8933BB23D48CFC003CE5AD /* Assets.xcassets */,
				8F8933AD23D48CF8003CE5AD /* Products */,
				85DEC245D935FB9F88765E60 /* Pods */,
				19B56B04EA9DAB6E81AADC03 /* Frameworks */,
			);
			sourceTree = "<group>";
		};
		8F8933AD23D48CF8003CE5AD /* Products */ = {
			isa = PBXGroup;
			children = (
				8F8933AC23D48CF8003CE5AD /* Poster.app */,
			);
			name = Products;
			sourceTree = "<group>";
		};
		8F8933AE23D48CF8003CE5AD /* Poster */ = {
			isa = PBXGroup;
			children = (
				8FD3776423D6449E00A1AF23 /* Model */,
				8FD3776723D644D400A1AF23 /* Controller */,
				8FD3776623D644BD00A1AF23 /* View */,
				8F214F1623D8D1F4009728FD /* Supporting */,
				8F8933C023D48CFC003CE5AD /* Info.plist */,
				8F214F0E23D797BA009728FD /* GoogleService-Info.plist */,
				8F8933B823D48CF8003CE5AD /* Poster.xcdatamodeld */,
			);
			path = Poster;
			sourceTree = "<group>";
		};
		8FD3776423D6449E00A1AF23 /* Model */ = {
			isa = PBXGroup;
			children = (
				8F214F1023D7AD18009728FD /* Post.swift */,
			);
			path = Model;
			sourceTree = "<group>";
		};
		8FD3776623D644BD00A1AF23 /* View */ = {
			isa = PBXGroup;
			children = (
				8F8933B523D48CF8003CE5AD /* Main.storyboard */,
				8F8933BD23D48CFC003CE5AD /* LaunchScreen.storyboard */,
				8F214F1423D8D149009728FD /* ListTableViewCell.swift */,
				8F4B000C23DB491900082392 /* PostAnnotation.swift */,
			);
			path = View;
			sourceTree = "<group>";
		};
		8FD3776723D644D400A1AF23 /* Controller */ = {
			isa = PBXGroup;
			children = (
				8F8933B323D48CF8003CE5AD /* TabBarViewController.swift */,
				8FD3776923D6495C00A1AF23 /* MapViewController.swift */,
				8FD3776B23D6499C00A1AF23 /* ListViewController.swift */,
				8F214F0823D661C5009728FD /* ProfileViewController.swift */,
				8F214F0A23D66204009728FD /* NewPostViewController.swift */,
				8F214F1923D917CE009728FD /* DetailViewController.swift */,
			);
			path = Controller;
			sourceTree = "<group>";
		};
/* End PBXGroup section */

/* Begin PBXNativeTarget section */
		8F8933AB23D48CF8003CE5AD /* Poster */ = {
			isa = PBXNativeTarget;
			buildConfigurationList = 8F8933C323D48CFC003CE5AD /* Build configuration list for PBXNativeTarget "Poster" */;
			buildPhases = (
				E16B227F9A217CEA0FB4FF3B /* [CP] Check Pods Manifest.lock */,
				8F8933A823D48CF8003CE5AD /* Sources */,
				8F8933A923D48CF8003CE5AD /* Frameworks */,
				8F8933AA23D48CF8003CE5AD /* Resources */,
				9CB95D81AAF3E8CD4806C29B /* [CP] Embed Pods Frameworks */,
			);
			buildRules = (
			);
			dependencies = (
			);
			name = Poster;
			productName = Poster;
			productReference = 8F8933AC23D48CF8003CE5AD /* Poster.app */;
			productType = "com.apple.product-type.application";
		};
/* End PBXNativeTarget section */

/* Begin PBXProject section */
		8F8933A423D48CF8003CE5AD /* Project object */ = {
			isa = PBXProject;
			attributes = {
				LastSwiftUpdateCheck = 1130;
				LastUpgradeCheck = 1130;
				ORGANIZATIONNAME = "Lukáš Litvan";
				TargetAttributes = {
					8F8933AB23D48CF8003CE5AD = {
						CreatedOnToolsVersion = 11.3;
					};
				};
			};
			buildConfigurationList = 8F8933A723D48CF8003CE5AD /* Build configuration list for PBXProject "Poster" */;
			compatibilityVersion = "Xcode 9.3";
			developmentRegion = en;
			hasScannedForEncodings = 0;
			knownRegions = (
				en,
				Base,
			);
			mainGroup = 8F8933A323D48CF8003CE5AD;
			productRefGroup = 8F8933AD23D48CF8003CE5AD /* Products */;
			projectDirPath = "";
			projectRoot = "";
			targets = (
				8F8933AB23D48CF8003CE5AD /* Poster */,
			);
		};
/* End PBXProject section */

/* Begin PBXResourcesBuildPhase section */
		8F8933AA23D48CF8003CE5AD /* Resources */ = {
			isa = PBXResourcesBuildPhase;
			buildActionMask = 2147483647;
			files = (
				8F8933BF23D48CFC003CE5AD /* LaunchScreen.storyboard in Resources */,
				8F214F0F23D797BA009728FD /* GoogleService-Info.plist in Resources */,
				8F8933BC23D48CFC003CE5AD /* Assets.xcassets in Resources */,
				8F8933B723D48CF8003CE5AD /* Main.storyboard in Resources */,
			);
			runOnlyForDeploymentPostprocessing = 0;
		};
/* End PBXResourcesBuildPhase section */

/* Begin PBXShellScriptBuildPhase section */
		9CB95D81AAF3E8CD4806C29B /* [CP] Embed Pods Frameworks */ = {
			isa = PBXShellScriptBuildPhase;
			buildActionMask = 2147483647;
			files = (
			);
			inputFileListPaths = (
				"${PODS_ROOT}/Target Support Files/Pods-Poster/Pods-Poster-frameworks-${CONFIGURATION}-input-files.xcfilelist",
			);
			name = "[CP] Embed Pods Frameworks";
			outputFileListPaths = (
				"${PODS_ROOT}/Target Support Files/Pods-Poster/Pods-Poster-frameworks-${CONFIGURATION}-output-files.xcfilelist",
			);
			runOnlyForDeploymentPostprocessing = 0;
			shellPath = /bin/sh;
			shellScript = "\"${PODS_ROOT}/Target Support Files/Pods-Poster/Pods-Poster-frameworks.sh\"\n";
			showEnvVarsInLog = 0;
		};
		E16B227F9A217CEA0FB4FF3B /* [CP] Check Pods Manifest.lock */ = {
			isa = PBXShellScriptBuildPhase;
			buildActionMask = 2147483647;
			files = (
			);
			inputFileListPaths = (
			);
			inputPaths = (
				"${PODS_PODFILE_DIR_PATH}/Podfile.lock",
				"${PODS_ROOT}/Manifest.lock",
			);
			name = "[CP] Check Pods Manifest.lock";
			outputFileListPaths = (
			);
			outputPaths = (
				"$(DERIVED_FILE_DIR)/Pods-Poster-checkManifestLockResult.txt",
			);
			runOnlyForDeploymentPostprocessing = 0;
			shellPath = /bin/sh;
			shellScript = "diff \"${PODS_PODFILE_DIR_PATH}/Podfile.lock\" \"${PODS_ROOT}/Manifest.lock\" > /dev/null\nif [ $? != 0 ] ; then\n    # print error to STDERR\n    echo \"error: The sandbox is not in sync with the Podfile.lock. Run 'pod install' or update your CocoaPods installation.\" >&2\n    exit 1\nfi\n# This output is used by Xcode 'outputs' to avoid re-running this script phase.\necho \"SUCCESS\" > \"${SCRIPT_OUTPUT_FILE_0}\"\n";
			showEnvVarsInLog = 0;
		};
/* End PBXShellScriptBuildPhase section */

/* Begin PBXSourcesBuildPhase section */
		8F8933A823D48CF8003CE5AD /* Sources */ = {
			isa = PBXSourcesBuildPhase;
			buildActionMask = 2147483647;
			files = (
				8F214F1A23D917CE009728FD /* DetailViewController.swift in Sources */,
				8F214F1523D8D149009728FD /* ListTableViewCell.swift in Sources */,
				8F8933BA23D48CF8003CE5AD /* Poster.xcdatamodeld in Sources */,
				8F4B000F23DD015900082392 /* Utils.swift in Sources */,
				8F8933B423D48CF8003CE5AD /* TabBarViewController.swift in Sources */,
				8FD3776C23D6499C00A1AF23 /* ListViewController.swift in Sources */,
				8F214F0923D661C5009728FD /* ProfileViewController.swift in Sources */,
				8F4B000D23DB491900082392 /* PostAnnotation.swift in Sources */,
				8F8933B023D48CF8003CE5AD /* AppDelegate.swift in Sources */,
				8F214F0B23D66204009728FD /* NewPostViewController.swift in Sources */,
				8F214F1123D7AD18009728FD /* Post.swift in Sources */,
				8FD3776A23D6495C00A1AF23 /* MapViewController.swift in Sources */,
				8F214F1823D8D218009728FD /* ConstraintExtensions.swift in Sources */,
				8F8933B223D48CF8003CE5AD /* SceneDelegate.swift in Sources */,
			);
			runOnlyForDeploymentPostprocessing = 0;
		};
/* End PBXSourcesBuildPhase section */

/* Begin PBXVariantGroup section */
		8F8933B523D48CF8003CE5AD /* Main.storyboard */ = {
			isa = PBXVariantGroup;
			children = (
				8F8933B623D48CF8003CE5AD /* Base */,
			);
			name = Main.storyboard;
			sourceTree = "<group>";
		};
		8F8933BD23D48CFC003CE5AD /* LaunchScreen.storyboard */ = {
			isa = PBXVariantGroup;
			children = (
				8F8933BE23D48CFC003CE5AD /* Base */,
			);
			name = LaunchScreen.storyboard;
			sourceTree = "<group>";
		};
/* End PBXVariantGroup section */

/* Begin XCBuildConfiguration section */
		8F8933C123D48CFC003CE5AD /* Debug */ = {
			isa = XCBuildConfiguration;
			buildSettings = {
				ALWAYS_SEARCH_USER_PATHS = NO;
				CLANG_ANALYZER_NONNULL = YES;
				CLANG_ANALYZER_NUMBER_OBJECT_CONVERSION = YES_AGGRESSIVE;
				CLANG_CXX_LANGUAGE_STANDARD = "gnu++14";
				CLANG_CXX_LIBRARY = "libc++";
				CLANG_ENABLE_MODULES = YES;
				CLANG_ENABLE_OBJC_ARC = YES;
				CLANG_ENABLE_OBJC_WEAK = YES;
				CLANG_WARN_BLOCK_CAPTURE_AUTORELEASING = YES;
				CLANG_WARN_BOOL_CONVERSION = YES;
				CLANG_WARN_COMMA = YES;
				CLANG_WARN_CONSTANT_CONVERSION = YES;
				CLANG_WARN_DEPRECATED_OBJC_IMPLEMENTATIONS = YES;
				CLANG_WARN_DIRECT_OBJC_ISA_USAGE = YES_ERROR;
				CLANG_WARN_DOCUMENTATION_COMMENTS = YES;
				CLANG_WARN_EMPTY_BODY = YES;
				CLANG_WARN_ENUM_CONVERSION = YES;
				CLANG_WARN_INFINITE_RECURSION = YES;
				CLANG_WARN_INT_CONVERSION = YES;
				CLANG_WARN_NON_LITERAL_NULL_CONVERSION = YES;
				CLANG_WARN_OBJC_IMPLICIT_RETAIN_SELF = YES;
				CLANG_WARN_OBJC_LITERAL_CONVERSION = YES;
				CLANG_WARN_OBJC_ROOT_CLASS = YES_ERROR;
				CLANG_WARN_RANGE_LOOP_ANALYSIS = YES;
				CLANG_WARN_STRICT_PROTOTYPES = YES;
				CLANG_WARN_SUSPICIOUS_MOVE = YES;
				CLANG_WARN_UNGUARDED_AVAILABILITY = YES_AGGRESSIVE;
				CLANG_WARN_UNREACHABLE_CODE = YES;
				CLANG_WARN__DUPLICATE_METHOD_MATCH = YES;
				COPY_PHASE_STRIP = NO;
				DEBUG_INFORMATION_FORMAT = dwarf;
				ENABLE_STRICT_OBJC_MSGSEND = YES;
				ENABLE_TESTABILITY = YES;
				GCC_C_LANGUAGE_STANDARD = gnu11;
				GCC_DYNAMIC_NO_PIC = NO;
				GCC_NO_COMMON_BLOCKS = YES;
				GCC_OPTIMIZATION_LEVEL = 0;
				GCC_PREPROCESSOR_DEFINITIONS = (
					"DEBUG=1",
					"$(inherited)",
				);
				GCC_WARN_64_TO_32_BIT_CONVERSION = YES;
				GCC_WARN_ABOUT_RETURN_TYPE = YES_ERROR;
				GCC_WARN_UNDECLARED_SELECTOR = YES;
				GCC_WARN_UNINITIALIZED_AUTOS = YES_AGGRESSIVE;
				GCC_WARN_UNUSED_FUNCTION = YES;
				GCC_WARN_UNUSED_VARIABLE = YES;
				IPHONEOS_DEPLOYMENT_TARGET = 13.2;
				MTL_ENABLE_DEBUG_INFO = INCLUDE_SOURCE;
				MTL_FAST_MATH = YES;
				ONLY_ACTIVE_ARCH = YES;
				SDKROOT = iphoneos;
				SWIFT_ACTIVE_COMPILATION_CONDITIONS = DEBUG;
				SWIFT_OPTIMIZATION_LEVEL = "-Onone";
			};
			name = Debug;
		};
		8F8933C223D48CFC003CE5AD /* Release */ = {
			isa = XCBuildConfiguration;
			buildSettings = {
				ALWAYS_SEARCH_USER_PATHS = NO;
				CLANG_ANALYZER_NONNULL = YES;
				CLANG_ANALYZER_NUMBER_OBJECT_CONVERSION = YES_AGGRESSIVE;
				CLANG_CXX_LANGUAGE_STANDARD = "gnu++14";
				CLANG_CXX_LIBRARY = "libc++";
				CLANG_ENABLE_MODULES = YES;
				CLANG_ENABLE_OBJC_ARC = YES;
				CLANG_ENABLE_OBJC_WEAK = YES;
				CLANG_WARN_BLOCK_CAPTURE_AUTORELEASING = YES;
				CLANG_WARN_BOOL_CONVERSION = YES;
				CLANG_WARN_COMMA = YES;
				CLANG_WARN_CONSTANT_CONVERSION = YES;
				CLANG_WARN_DEPRECATED_OBJC_IMPLEMENTATIONS = YES;
				CLANG_WARN_DIRECT_OBJC_ISA_USAGE = YES_ERROR;
				CLANG_WARN_DOCUMENTATION_COMMENTS = YES;
				CLANG_WARN_EMPTY_BODY = YES;
				CLANG_WARN_ENUM_CONVERSION = YES;
				CLANG_WARN_INFINITE_RECURSION = YES;
				CLANG_WARN_INT_CONVERSION = YES;
				CLANG_WARN_NON_LITERAL_NULL_CONVERSION = YES;
				CLANG_WARN_OBJC_IMPLICIT_RETAIN_SELF = YES;
				CLANG_WARN_OBJC_LITERAL_CONVERSION = YES;
				CLANG_WARN_OBJC_ROOT_CLASS = YES_ERROR;
				CLANG_WARN_RANGE_LOOP_ANALYSIS = YES;
				CLANG_WARN_STRICT_PROTOTYPES = YES;
				CLANG_WARN_SUSPICIOUS_MOVE = YES;
				CLANG_WARN_UNGUARDED_AVAILABILITY = YES_AGGRESSIVE;
				CLANG_WARN_UNREACHABLE_CODE = YES;
				CLANG_WARN__DUPLICATE_METHOD_MATCH = YES;
				COPY_PHASE_STRIP = NO;
				DEBUG_INFORMATION_FORMAT = "dwarf-with-dsym";
				ENABLE_NS_ASSERTIONS = NO;
				ENABLE_STRICT_OBJC_MSGSEND = YES;
				GCC_C_LANGUAGE_STANDARD = gnu11;
				GCC_NO_COMMON_BLOCKS = YES;
				GCC_WARN_64_TO_32_BIT_CONVERSION = YES;
				GCC_WARN_ABOUT_RETURN_TYPE = YES_ERROR;
				GCC_WARN_UNDECLARED_SELECTOR = YES;
				GCC_WARN_UNINITIALIZED_AUTOS = YES_AGGRESSIVE;
				GCC_WARN_UNUSED_FUNCTION = YES;
				GCC_WARN_UNUSED_VARIABLE = YES;
				IPHONEOS_DEPLOYMENT_TARGET = 13.2;
				MTL_ENABLE_DEBUG_INFO = NO;
				MTL_FAST_MATH = YES;
				SDKROOT = iphoneos;
				SWIFT_COMPILATION_MODE = wholemodule;
				SWIFT_OPTIMIZATION_LEVEL = "-O";
				VALIDATE_PRODUCT = YES;
			};
			name = Release;
		};
		8F8933C423D48CFC003CE5AD /* Debug */ = {
			isa = XCBuildConfiguration;
			baseConfigurationReference = 828E480421EA0544AA70C9D8 /* Pods-Poster.debug.xcconfig */;
			buildSettings = {
				ASSETCATALOG_COMPILER_APPICON_NAME = AppIcon;
				CODE_SIGN_STYLE = Automatic;
				DEVELOPMENT_TEAM = LZFDNCMC92;
				INFOPLIST_FILE = Poster/Info.plist;
				LD_RUNPATH_SEARCH_PATHS = (
					"$(inherited)",
					"@executable_path/Frameworks",
				);
				PRODUCT_BUNDLE_IDENTIFIER = com.litvauk.Poster;
				PRODUCT_NAME = "$(TARGET_NAME)";
				SWIFT_VERSION = 5.0;
				TARGETED_DEVICE_FAMILY = "1,2";
			};
			name = Debug;
		};
		8F8933C523D48CFC003CE5AD /* Release */ = {
			isa = XCBuildConfiguration;
			baseConfigurationReference = 5F3DFE31B212B0E9337D64E8 /* Pods-Poster.release.xcconfig */;
			buildSettings = {
				ASSETCATALOG_COMPILER_APPICON_NAME = AppIcon;
				CODE_SIGN_STYLE = Automatic;
				DEVELOPMENT_TEAM = LZFDNCMC92;
				INFOPLIST_FILE = Poster/Info.plist;
				LD_RUNPATH_SEARCH_PATHS = (
					"$(inherited)",
					"@executable_path/Frameworks",
				);
				PRODUCT_BUNDLE_IDENTIFIER = com.litvauk.Poster;
				PRODUCT_NAME = "$(TARGET_NAME)";
				SWIFT_VERSION = 5.0;
				TARGETED_DEVICE_FAMILY = "1,2";
			};
			name = Release;
		};
/* End XCBuildConfiguration section */

/* Begin XCConfigurationList section */
		8F8933A723D48CF8003CE5AD /* Build configuration list for PBXProject "Poster" */ = {
			isa = XCConfigurationList;
			buildConfigurations = (
				8F8933C123D48CFC003CE5AD /* Debug */,
				8F8933C223D48CFC003CE5AD /* Release */,
			);
			defaultConfigurationIsVisible = 0;
			defaultConfigurationName = Release;
		};
		8F8933C323D48CFC003CE5AD /* Build configuration list for PBXNativeTarget "Poster" */ = {
			isa = XCConfigurationList;
			buildConfigurations = (
				8F8933C423D48CFC003CE5AD /* Debug */,
				8F8933C523D48CFC003CE5AD /* Release */,
			);
			defaultConfigurationIsVisible = 0;
			defaultConfigurationName = Release;
		};
/* End XCConfigurationList section */

/* Begin XCVersionGroup section */
		8F8933B823D48CF8003CE5AD /* Poster.xcdatamodeld */ = {
			isa = XCVersionGroup;
			children = (
				8F8933B923D48CF8003CE5AD /* Poster.xcdatamodel */,
			);
			currentVersion = 8F8933B923D48CF8003CE5AD /* Poster.xcdatamodel */;
			path = Poster.xcdatamodeld;
			sourceTree = "<group>";
			versionGroupType = wrapper.xcdatamodel;
		};
/* End XCVersionGroup section */
	};
	rootObject = 8F8933A423D48CF8003CE5AD /* Project object */;
}
